// !$*UTF8*$!
{
	archiveVersion = 1;
	classes = {
	};
	objectVersion = 51;
	objects = {

/* Begin PBXBuildFile section */
		7180255B240FCD4400AB3DC8 /* AppDelegate.swift in Sources */ = {isa = PBXBuildFile; fileRef = 7180255A240FCD4400AB3DC8 /* AppDelegate.swift */; };
		7180255D240FCD4400AB3DC8 /* SceneDelegate.swift in Sources */ = {isa = PBXBuildFile; fileRef = 7180255C240FCD4400AB3DC8 /* SceneDelegate.swift */; };
		71802562240FCD4400AB3DC8 /* Main.storyboard in Resources */ = {isa = PBXBuildFile; fileRef = 71802560240FCD4400AB3DC8 /* Main.storyboard */; };
		71802564240FCD4500AB3DC8 /* Assets.xcassets in Resources */ = {isa = PBXBuildFile; fileRef = 71802563240FCD4500AB3DC8 /* Assets.xcassets */; };
		71802567240FCD4500AB3DC8 /* LaunchScreen.storyboard in Resources */ = {isa = PBXBuildFile; fileRef = 71802565240FCD4500AB3DC8 /* LaunchScreen.storyboard */; };
		71802573240FCFBE00AB3DC8 /* WeatherDataModel.swift in Sources */ = {isa = PBXBuildFile; fileRef = 71802572240FCFBE00AB3DC8 /* WeatherDataModel.swift */; };
		7180257F2410F58400AB3DC8 /* CityViewController.xib in Resources */ = {isa = PBXBuildFile; fileRef = 7180257D2410F58400AB3DC8 /* CityViewController.xib */; };
		7180258124111DB600AB3DC8 /* WeatherViewController.swift in Sources */ = {isa = PBXBuildFile; fileRef = 7180258024111DB600AB3DC8 /* WeatherViewController.swift */; };
		71802583241123F900AB3DC8 /* CityViewController.swift in Sources */ = {isa = PBXBuildFile; fileRef = 71802582241123F900AB3DC8 /* CityViewController.swift */; };
		91ABF83E56D9F32E09274F9E /* Pods_Clime.framework in Frameworks */ = {isa = PBXBuildFile; fileRef = 914F3C893DE67E95693123D8 /* Pods_Clime.framework */; };
/* End PBXBuildFile section */

/* Begin PBXFileReference section */
		17160C74658724DE22FA7385 /* Pods-Clime.release.xcconfig */ = {isa = PBXFileReference; includeInIndex = 1; lastKnownFileType = text.xcconfig; name = "Pods-Clime.release.xcconfig"; path = "Target Support Files/Pods-Clime/Pods-Clime.release.xcconfig"; sourceTree = "<group>"; };
		71802557240FCD4400AB3DC8 /* Clime.app */ = {isa = PBXFileReference; explicitFileType = wrapper.application; includeInIndex = 0; path = Clime.app; sourceTree = BUILT_PRODUCTS_DIR; };
		7180255A240FCD4400AB3DC8 /* AppDelegate.swift */ = {isa = PBXFileReference; lastKnownFileType = sourcecode.swift; path = AppDelegate.swift; sourceTree = "<group>"; };
		7180255C240FCD4400AB3DC8 /* SceneDelegate.swift */ = {isa = PBXFileReference; lastKnownFileType = sourcecode.swift; path = SceneDelegate.swift; sourceTree = "<group>"; };
		71802561240FCD4400AB3DC8 /* Base */ = {isa = PBXFileReference; lastKnownFileType = file.storyboard; name = Base; path = Base.lproj/Main.storyboard; sourceTree = "<group>"; };
		71802563240FCD4500AB3DC8 /* Assets.xcassets */ = {isa = PBXFileReference; lastKnownFileType = folder.assetcatalog; path = Assets.xcassets; sourceTree = "<group>"; };
		71802566240FCD4500AB3DC8 /* Base */ = {isa = PBXFileReference; lastKnownFileType = file.storyboard; name = Base; path = Base.lproj/LaunchScreen.storyboard; sourceTree = "<group>"; };
		71802568240FCD4500AB3DC8 /* Info.plist */ = {isa = PBXFileReference; lastKnownFileType = text.plist.xml; path = Info.plist; sourceTree = "<group>"; };
		71802572240FCFBE00AB3DC8 /* WeatherDataModel.swift */ = {isa = PBXFileReference; lastKnownFileType = sourcecode.swift; path = WeatherDataModel.swift; sourceTree = "<group>"; };
		7180257D2410F58400AB3DC8 /* CityViewController.xib */ = {isa = PBXFileReference; lastKnownFileType = file.xib; path = CityViewController.xib; sourceTree = "<group>"; };
		7180258024111DB600AB3DC8 /* WeatherViewController.swift */ = {isa = PBXFileReference; fileEncoding = 4; lastKnownFileType = sourcecode.swift; path = WeatherViewController.swift; sourceTree = "<group>"; };
		71802582241123F900AB3DC8 /* CityViewController.swift */ = {isa = PBXFileReference; fileEncoding = 4; lastKnownFileType = sourcecode.swift; path = CityViewController.swift; sourceTree = "<group>"; };
		914F3C893DE67E95693123D8 /* Pods_Clime.framework */ = {isa = PBXFileReference; explicitFileType = wrapper.framework; includeInIndex = 0; path = Pods_Clime.framework; sourceTree = BUILT_PRODUCTS_DIR; };
		ABBDBA4458B7ECEE3EA0FA55 /* Pods-Clime.debug.xcconfig */ = {isa = PBXFileReference; includeInIndex = 1; lastKnownFileType = text.xcconfig; name = "Pods-Clime.debug.xcconfig"; path = "Target Support Files/Pods-Clime/Pods-Clime.debug.xcconfig"; sourceTree = "<group>"; };
/* End PBXFileReference section */

/* Begin PBXFrameworksBuildPhase section */
		71802554240FCD4400AB3DC8 /* Frameworks */ = {
			isa = PBXFrameworksBuildPhase;
			buildActionMask = 2147483647;
			files = (
				91ABF83E56D9F32E09274F9E /* Pods_Clime.framework in Frameworks */,
			);
			runOnlyForDeploymentPostprocessing = 0;
		};
/* End PBXFrameworksBuildPhase section */

/* Begin PBXGroup section */
		18573B18B1E0E18EA3C0490E /* Pods */ = {
			isa = PBXGroup;
			children = (
				ABBDBA4458B7ECEE3EA0FA55 /* Pods-Clime.debug.xcconfig */,
				17160C74658724DE22FA7385 /* Pods-Clime.release.xcconfig */,
			);
			path = Pods;
			sourceTree = "<group>";
		};
		7180254E240FCD4400AB3DC8 = {
			isa = PBXGroup;
			children = (
				71802559240FCD4400AB3DC8 /* Clime */,
				71802558240FCD4400AB3DC8 /* Products */,
				18573B18B1E0E18EA3C0490E /* Pods */,
				9D8177C3C54000D040324593 /* Frameworks */,
			);
			sourceTree = "<group>";
		};
		71802558240FCD4400AB3DC8 /* Products */ = {
			isa = PBXGroup;
			children = (
				71802557240FCD4400AB3DC8 /* Clime.app */,
			);
			name = Products;
			sourceTree = "<group>";
		};
		71802559240FCD4400AB3DC8 /* Clime */ = {
			isa = PBXGroup;
			children = (
				71802571240FCF6A00AB3DC8 /* Supporting Files */,
				71802570240FCF5D00AB3DC8 /* Controller */,
				7180256F240FCF5700AB3DC8 /* View */,
				7180256E240FCF4B00AB3DC8 /* Model */,
				7180255C240FCD4400AB3DC8 /* SceneDelegate.swift */,
				71802563240FCD4500AB3DC8 /* Assets.xcassets */,
				71802565240FCD4500AB3DC8 /* LaunchScreen.storyboard */,
			);
			path = Clime;
			sourceTree = "<group>";
		};
		7180256E240FCF4B00AB3DC8 /* Model */ = {
			isa = PBXGroup;
			children = (
				71802572240FCFBE00AB3DC8 /* WeatherDataModel.swift */,
			);
			path = Model;
			sourceTree = "<group>";
		};
		7180256F240FCF5700AB3DC8 /* View */ = {
			isa = PBXGroup;
			children = (
				71802560240FCD4400AB3DC8 /* Main.storyboard */,
			);
			path = View;
			sourceTree = "<group>";
		};
		71802570240FCF5D00AB3DC8 /* Controller */ = {
			isa = PBXGroup;
			children = (
				71802582241123F900AB3DC8 /* CityViewController.swift */,
				7180258024111DB600AB3DC8 /* WeatherViewController.swift */,
				7180255A240FCD4400AB3DC8 /* AppDelegate.swift */,
				7180257D2410F58400AB3DC8 /* CityViewController.xib */,
			);
			path = Controller;
			sourceTree = "<group>";
		};
		71802571240FCF6A00AB3DC8 /* Supporting Files */ = {
			isa = PBXGroup;
			children = (
				71802568240FCD4500AB3DC8 /* Info.plist */,
			);
			path = "Supporting Files";
			sourceTree = "<group>";
		};
		9D8177C3C54000D040324593 /* Frameworks */ = {
			isa = PBXGroup;
			children = (
				914F3C893DE67E95693123D8 /* Pods_Clime.framework */,
			);
			name = Frameworks;
			sourceTree = "<group>";
		};
/* End PBXGroup section */

/* Begin PBXNativeTarget section */
		71802556240FCD4400AB3DC8 /* Clime */ = {
			isa = PBXNativeTarget;
			buildConfigurationList = 7180256B240FCD4500AB3DC8 /* Build configuration list for PBXNativeTarget "Clime" */;
			buildPhases = (
				1762A21E24CAD0322C70025C /* [CP] Check Pods Manifest.lock */,
				71802553240FCD4400AB3DC8 /* Sources */,
				71802554240FCD4400AB3DC8 /* Frameworks */,
				71802555240FCD4400AB3DC8 /* Resources */,
				C4697D0B9630485EA21C4199 /* [CP] Embed Pods Frameworks */,
			);
			buildRules = (
			);
			dependencies = (
			);
			name = Clime;
			productName = Clime;
			productReference = 71802557240FCD4400AB3DC8 /* Clime.app */;
			productType = "com.apple.product-type.application";
		};
/* End PBXNativeTarget section */

/* Begin PBXProject section */
		7180254F240FCD4400AB3DC8 /* Project object */ = {
			isa = PBXProject;
			attributes = {
				LastSwiftUpdateCheck = 1130;
				LastUpgradeCheck = 1130;
				ORGANIZATIONNAME = "ERNEST MURIUKI";
				TargetAttributes = {
					71802556240FCD4400AB3DC8 = {
						CreatedOnToolsVersion = 11.3.1;
					};
				};
			};
			buildConfigurationList = 71802552240FCD4400AB3DC8 /* Build configuration list for PBXProject "Clime" */;
			compatibilityVersion = "Xcode 9.3";
			developmentRegion = en;
			hasScannedForEncodings = 0;
			knownRegions = (
				en,
				Base,
			);
			mainGroup = 7180254E240FCD4400AB3DC8;
			productRefGroup = 71802558240FCD4400AB3DC8 /* Products */;
			projectDirPath = "";
			projectRoot = "";
			targets = (
				71802556240FCD4400AB3DC8 /* Clime */,
			);
		};
/* End PBXProject section */

/* Begin PBXResourcesBuildPhase section */
		71802555240FCD4400AB3DC8 /* Resources */ = {
			isa = PBXResourcesBuildPhase;
			buildActionMask = 2147483647;
			files = (
				71802567240FCD4500AB3DC8 /* LaunchScreen.storyboard in Resources */,
				71802564240FCD4500AB3DC8 /* Assets.xcassets in Resources */,
				71802562240FCD4400AB3DC8 /* Main.storyboard in Resources */,
				7180257F2410F58400AB3DC8 /* CityViewController.xib in Resources */,
			);
			runOnlyForDeploymentPostprocessing = 0;
		};
/* End PBXResourcesBuildPhase section */

/* Begin PBXShellScriptBuildPhase section */
		1762A21E24CAD0322C70025C /* [CP] Check Pods Manifest.lock */ = {
			isa = PBXShellScriptBuildPhase;
			buildActionMask = 2147483647;
			files = (
			);
			inputFileListPaths = (
			);
			inputPaths = (
				"${PODS_PODFILE_DIR_PATH}/Podfile.lock",
				"${PODS_ROOT}/Manifest.lock",
			);
			name = "[CP] Check Pods Manifest.lock";
			outputFileListPaths = (
			);
			outputPaths = (
				"$(DERIVED_FILE_DIR)/Pods-Clime-checkManifestLockResult.txt",
			);
			runOnlyForDeploymentPostprocessing = 0;
			shellPath = /bin/sh;
			shellScript = "diff \"${PODS_PODFILE_DIR_PATH}/Podfile.lock\" \"${PODS_ROOT}/Manifest.lock\" > /dev/null\nif [ $? != 0 ] ; then\n    # print error to STDERR\n    echo \"error: The sandbox is not in sync with the Podfile.lock. Run 'pod install' or update your CocoaPods installation.\" >&2\n    exit 1\nfi\n# This output is used by Xcode 'outputs' to avoid re-running this script phase.\necho \"SUCCESS\" > \"${SCRIPT_OUTPUT_FILE_0}\"\n";
			showEnvVarsInLog = 0;
		};
		C4697D0B9630485EA21C4199 /* [CP] Embed Pods Frameworks */ = {
			isa = PBXShellScriptBuildPhase;
			buildActionMask = 2147483647;
			files = (
			);
			inputFileListPaths = (
				"${PODS_ROOT}/Target Support Files/Pods-Clime/Pods-Clime-frameworks-${CONFIGURATION}-input-files.xcfilelist",
			);
			name = "[CP] Embed Pods Frameworks";
			outputFileListPaths = (
				"${PODS_ROOT}/Target Support Files/Pods-Clime/Pods-Clime-frameworks-${CONFIGURATION}-output-files.xcfilelist",
			);
			runOnlyForDeploymentPostprocessing = 0;
			shellPath = /bin/sh;
			shellScript = "\"${PODS_ROOT}/Target Support Files/Pods-Clime/Pods-Clime-frameworks.sh\"\n";
			showEnvVarsInLog = 0;
		};
/* End PBXShellScriptBuildPhase section */

/* Begin PBXSourcesBuildPhase section */
		71802553240FCD4400AB3DC8 /* Sources */ = {
			isa = PBXSourcesBuildPhase;
			buildActionMask = 2147483647;
			files = (
				71802573240FCFBE00AB3DC8 /* WeatherDataModel.swift in Sources */,
				71802583241123F900AB3DC8 /* CityViewController.swift in Sources */,
				7180258124111DB600AB3DC8 /* WeatherViewController.swift in Sources */,
				7180255B240FCD4400AB3DC8 /* AppDelegate.swift in Sources */,
				7180255D240FCD4400AB3DC8 /* SceneDelegate.swift in Sources */,
			);
			runOnlyForDeploymentPostprocessing = 0;
		};
/* End PBXSourcesBuildPhase section */

/* Begin PBXVariantGroup section */
		71802560240FCD4400AB3DC8 /* Main.storyboard */ = {
			isa = PBXVariantGroup;
			children = (
				71802561240FCD4400AB3DC8 /* Base */,
			);
			name = Main.storyboard;
			sourceTree = "<group>";
		};
		71802565240FCD4500AB3DC8 /* LaunchScreen.storyboard */ = {
			isa = PBXVariantGroup;
			children = (
				71802566240FCD4500AB3DC8 /* Base */,
			);
			name = LaunchScreen.storyboard;
			sourceTree = "<group>";
		};
/* End PBXVariantGroup section */

/* Begin XCBuildConfiguration section */
		71802569240FCD4500AB3DC8 /* Debug */ = {
			isa = XCBuildConfiguration;
			buildSettings = {
				ALWAYS_SEARCH_USER_PATHS = NO;
				CLANG_ANALYZER_NONNULL = YES;
				CLANG_ANALYZER_NUMBER_OBJECT_CONVERSION = YES_AGGRESSIVE;
				CLANG_CXX_LANGUAGE_STANDARD = "gnu++14";
				CLANG_CXX_LIBRARY = "libc++";
				CLANG_ENABLE_MODULES = YES;
				CLANG_ENABLE_OBJC_ARC = YES;
				CLANG_ENABLE_OBJC_WEAK = YES;
				CLANG_WARN_BLOCK_CAPTURE_AUTORELEASING = YES;
				CLANG_WARN_BOOL_CONVERSION = YES;
				CLANG_WARN_COMMA = YES;
				CLANG_WARN_CONSTANT_CONVERSION = YES;
				CLANG_WARN_DEPRECATED_OBJC_IMPLEMENTATIONS = YES;
				CLANG_WARN_DIRECT_OBJC_ISA_USAGE = YES_ERROR;
				CLANG_WARN_DOCUMENTATION_COMMENTS = YES;
				CLANG_WARN_EMPTY_BODY = YES;
				CLANG_WARN_ENUM_CONVERSION = YES;
				CLANG_WARN_INFINITE_RECURSION = YES;
				CLANG_WARN_INT_CONVERSION = YES;
				CLANG_WARN_NON_LITERAL_NULL_CONVERSION = YES;
				CLANG_WARN_OBJC_IMPLICIT_RETAIN_SELF = YES;
				CLANG_WARN_OBJC_LITERAL_CONVERSION = YES;
				CLANG_WARN_OBJC_ROOT_CLASS = YES_ERROR;
				CLANG_WARN_RANGE_LOOP_ANALYSIS = YES;
				CLANG_WARN_STRICT_PROTOTYPES = YES;
				CLANG_WARN_SUSPICIOUS_MOVE = YES;
				CLANG_WARN_UNGUARDED_AVAILABILITY = YES_AGGRESSIVE;
				CLANG_WARN_UNREACHABLE_CODE = YES;
				CLANG_WARN__DUPLICATE_METHOD_MATCH = YES;
				COPY_PHASE_STRIP = NO;
				DEBUG_INFORMATION_FORMAT = dwarf;
				ENABLE_STRICT_OBJC_MSGSEND = YES;
				ENABLE_TESTABILITY = YES;
				GCC_C_LANGUAGE_STANDARD = gnu11;
				GCC_DYNAMIC_NO_PIC = NO;
				GCC_NO_COMMON_BLOCKS = YES;
				GCC_OPTIMIZATION_LEVEL = 0;
				GCC_PREPROCESSOR_DEFINITIONS = (
					"DEBUG=1",
					"$(inherited)",
				);
				GCC_WARN_64_TO_32_BIT_CONVERSION = YES;
				GCC_WARN_ABOUT_RETURN_TYPE = YES_ERROR;
				GCC_WARN_UNDECLARED_SELECTOR = YES;
				GCC_WARN_UNINITIALIZED_AUTOS = YES_AGGRESSIVE;
				GCC_WARN_UNUSED_FUNCTION = YES;
				GCC_WARN_UNUSED_VARIABLE = YES;
				IPHONEOS_DEPLOYMENT_TARGET = 13.2;
				MTL_ENABLE_DEBUG_INFO = INCLUDE_SOURCE;
				MTL_FAST_MATH = YES;
				ONLY_ACTIVE_ARCH = YES;
				SDKROOT = iphoneos;
				SWIFT_ACTIVE_COMPILATION_CONDITIONS = DEBUG;
				SWIFT_OPTIMIZATION_LEVEL = "-Onone";
			};
			name = Debug;
		};
		7180256A240FCD4500AB3DC8 /* Release */ = {
			isa = XCBuildConfiguration;
			buildSettings = {
				ALWAYS_SEARCH_USER_PATHS = NO;
				CLANG_ANALYZER_NONNULL = YES;
				CLANG_ANALYZER_NUMBER_OBJECT_CONVERSION = YES_AGGRESSIVE;
				CLANG_CXX_LANGUAGE_STANDARD = "gnu++14";
				CLANG_CXX_LIBRARY = "libc++";
				CLANG_ENABLE_MODULES = YES;
				CLANG_ENABLE_OBJC_ARC = YES;
				CLANG_ENABLE_OBJC_WEAK = YES;
				CLANG_WARN_BLOCK_CAPTURE_AUTORELEASING = YES;
				CLANG_WARN_BOOL_CONVERSION = YES;
				CLANG_WARN_COMMA = YES;
				CLANG_WARN_CONSTANT_CONVERSION = YES;
				CLANG_WARN_DEPRECATED_OBJC_IMPLEMENTATIONS = YES;
				CLANG_WARN_DIRECT_OBJC_ISA_USAGE = YES_ERROR;
				CLANG_WARN_DOCUMENTATION_COMMENTS = YES;
				CLANG_WARN_EMPTY_BODY = YES;
				CLANG_WARN_ENUM_CONVERSION = YES;
				CLANG_WARN_INFINITE_RECURSION = YES;
				CLANG_WARN_INT_CONVERSION = YES;
				CLANG_WARN_NON_LITERAL_NULL_CONVERSION = YES;
				CLANG_WARN_OBJC_IMPLICIT_RETAIN_SELF = YES;
				CLANG_WARN_OBJC_LITERAL_CONVERSION = YES;
				CLANG_WARN_OBJC_ROOT_CLASS = YES_ERROR;
				CLANG_WARN_RANGE_LOOP_ANALYSIS = YES;
				CLANG_WARN_STRICT_PROTOTYPES = YES;
				CLANG_WARN_SUSPICIOUS_MOVE = YES;
				CLANG_WARN_UNGUARDED_AVAILABILITY = YES_AGGRESSIVE;
				CLANG_WARN_UNREACHABLE_CODE = YES;
				CLANG_WARN__DUPLICATE_METHOD_MATCH = YES;
				COPY_PHASE_STRIP = NO;
				DEBUG_INFORMATION_FORMAT = "dwarf-with-dsym";
				ENABLE_NS_ASSERTIONS = NO;
				ENABLE_STRICT_OBJC_MSGSEND = YES;
				GCC_C_LANGUAGE_STANDARD = gnu11;
				GCC_NO_COMMON_BLOCKS = YES;
				GCC_WARN_64_TO_32_BIT_CONVERSION = YES;
				GCC_WARN_ABOUT_RETURN_TYPE = YES_ERROR;
				GCC_WARN_UNDECLARED_SELECTOR = YES;
				GCC_WARN_UNINITIALIZED_AUTOS = YES_AGGRESSIVE;
				GCC_WARN_UNUSED_FUNCTION = YES;
				GCC_WARN_UNUSED_VARIABLE = YES;
				IPHONEOS_DEPLOYMENT_TARGET = 13.2;
				MTL_ENABLE_DEBUG_INFO = NO;
				MTL_FAST_MATH = YES;
				SDKROOT = iphoneos;
				SWIFT_COMPILATION_MODE = wholemodule;
				SWIFT_OPTIMIZATION_LEVEL = "-O";
				VALIDATE_PRODUCT = YES;
			};
			name = Release;
		};
		7180256C240FCD4500AB3DC8 /* Debug */ = {
			isa = XCBuildConfiguration;
			baseConfigurationReference = ABBDBA4458B7ECEE3EA0FA55 /* Pods-Clime.debug.xcconfig */;
			buildSettings = {
				ASSETCATALOG_COMPILER_APPICON_NAME = AppIcon;
				CODE_SIGN_STYLE = Automatic;
				DEVELOPMENT_TEAM = H7NFHG83A7;
				INFOPLIST_FILE = "$(SRCROOT)/Clime/Supporting Files/Info.plist";
				LD_RUNPATH_SEARCH_PATHS = (
					"$(inherited)",
					"@executable_path/Frameworks",
				);
				PRODUCT_BUNDLE_IDENTIFIER = com.ernest.ios.developer.Clime;
				PRODUCT_NAME = "$(TARGET_NAME)";
				SWIFT_VERSION = 5.0;
				TARGETED_DEVICE_FAMILY = 1;
			};
			name = Debug;
		};
		7180256D240FCD4500AB3DC8 /* Release */ = {
			isa = XCBuildConfiguration;
			baseConfigurationReference = 17160C74658724DE22FA7385 /* Pods-Clime.release.xcconfig */;
			buildSettings = {
				ASSETCATALOG_COMPILER_APPICON_NAME = AppIcon;
				CODE_SIGN_STYLE = Automatic;
				DEVELOPMENT_TEAM = H7NFHG83A7;
				INFOPLIST_FILE = "$(SRCROOT)/Clime/Supporting Files/Info.plist";
				LD_RUNPATH_SEARCH_PATHS = (
					"$(inherited)",
					"@executable_path/Frameworks",
				);
				PRODUCT_BUNDLE_IDENTIFIER = com.ernest.ios.developer.Clime;
				PRODUCT_NAME = "$(TARGET_NAME)";
				SWIFT_VERSION = 5.0;
				TARGETED_DEVICE_FAMILY = 1;
			};
			name = Release;
		};
/* End XCBuildConfiguration section */

/* Begin XCConfigurationList section */
		71802552240FCD4400AB3DC8 /* Build configuration list for PBXProject "Clime" */ = {
			isa = XCConfigurationList;
			buildConfigurations = (
				71802569240FCD4500AB3DC8 /* Debug */,
				7180256A240FCD4500AB3DC8 /* Release */,
			);
			defaultConfigurationIsVisible = 0;
			defaultConfigurationName = Release;
		};
		7180256B240FCD4500AB3DC8 /* Build configuration list for PBXNativeTarget "Clime" */ = {
			isa = XCConfigurationList;
			buildConfigurations = (
				7180256C240FCD4500AB3DC8 /* Debug */,
				7180256D240FCD4500AB3DC8 /* Release */,
			);
			defaultConfigurationIsVisible = 0;
			defaultConfigurationName = Release;
		};
/* End XCConfigurationList section */
	};
	rootObject = 7180254F240FCD4400AB3DC8 /* Project object */;
}
